
Microsoft Visual Studio Solution File, Format Version 12.00
# Visual Studio 15
VisualStudioVersion = 15.0.28307.329
MinimumVisualStudioVersion = 10.0.40219.1
Project("{FAE04EC0-301F-11D3-BF4B-00C04F79EFBC}") = "tpzslaba9(1)", "tpzslaba9(1)\tpzslaba9(1).csproj", "{DDE36F67-C198-4CBF-AB9A-BC688EC3DCD1}"
EndProject
Global
	GlobalSection(SolutionConfigurationPlatforms) = preSolution
		Debug|Any CPU = Debug|Any CPU
		Release|Any CPU = Release|Any CPU
	EndGlobalSection
	GlobalSection(ProjectConfigurationPlatforms) = postSolution
		{DDE36F67-C198-4CBF-AB9A-BC688EC3DCD1}.Debug|Any CPU.ActiveCfg = Debug|Any CPU
		{DDE36F67-C198-4CBF-AB9A-BC688EC3DCD1}.Debug|Any CPU.Build.0 = Debug|Any CPU
		{DDE36F67-C198-4CBF-AB9A-BC688EC3DCD1}.Release|Any CPU.ActiveCfg = Release|Any CPU
		{DDE36F67-C198-4CBF-AB9A-BC688EC3DCD1}.Release|Any CPU.Build.0 = Release|Any CPU
	EndGlobalSection
	GlobalSection(SolutionProperties) = preSolution
		HideSolutionNode = FALSE
	EndGlobalSection
	GlobalSection(ExtensibilityGlobals) = postSolution
		SolutionGuid = {2929F03A-3180-4EB7-BB12-41951BE45DCF}
	EndGlobalSection
EndGlobal
